
Microsoft Visual Studio Solution File, Format Version 12.00
# Visual Studio Version 17
VisualStudioVersion = 17.4.33213.308
MinimumVisualStudioVersion = 10.0.40219.1
Project("{2150E333-8FDC-42A3-9474-1A3956D46DE8}") = "1 - Presentation", "1 - Presentation", "{2D247596-E045-454A-9E6C-140017F27CEB}"
EndProject
Project("{2150E333-8FDC-42A3-9474-1A3956D46DE8}") = "2 - Application", "2 - Application", "{67F51599-6EE3-4442-9A8F-3656978D4D34}"
EndProject
Project("{2150E333-8FDC-42A3-9474-1A3956D46DE8}") = "3 - Domain", "3 - Domain", "{3BFA144D-6964-4C87-96A5-BBE45FFE4577}"
EndProject
Project("{2150E333-8FDC-42A3-9474-1A3956D46DE8}") = "4 - Infra", "4 - Infra", "{7C9FDC1B-BC60-4945-9AB0-A4BD73A23EDC}"
EndProject
Project("{FAE04EC0-301F-11D3-BF4B-00C04F79EFBC}") = "Devs2Blu.RevisaoWebAPPAPI.WebMVC", "src\Devs2Blu.RevisaoWebAPPAPI.WebMVC\Devs2Blu.RevisaoWebAPPAPI.WebMVC.csproj", "{25A99F18-597B-4A8A-A8FD-9CD6983685E7}"
EndProject
Project("{2150E333-8FDC-42A3-9474-1A3956D46DE8}") = "4.1 - Data", "4.1 - Data", "{DD941772-FEC6-499E-8E5E-229FBE33005B}"
EndProject
Project("{2150E333-8FDC-42A3-9474-1A3956D46DE8}") = "4.2 - Crosscutting", "4.2 - Crosscutting", "{194A56CF-7705-473A-8E5F-516A59349739}"
EndProject
Project("{FAE04EC0-301F-11D3-BF4B-00C04F79EFBC}") = "Devs2Blu.RevisaoWebAPPAPI.Repository", "src\Devs2Blu.RevisaoWebAPPAPI.Repository\Devs2Blu.RevisaoWebAPPAPI.Repository.csproj", "{4EE22DFA-43BD-43AE-8B5C-EE575C9A0A60}"
EndProject
Project("{FAE04EC0-301F-11D3-BF4B-00C04F79EFBC}") = "Devs2Blu.RevisaoAPPAPI.Domain", "src\Devs2Blu.RevisaoAPPAPI.Domain\Devs2Blu.RevisaoAPPAPI.Domain.csproj", "{7DBEC45B-AB3A-45F6-9D8A-4C36F87875B2}"
EndProject
Project("{FAE04EC0-301F-11D3-BF4B-00C04F79EFBC}") = "Devs2Blu.RevisaoWebAPPAPI.WebAPI", "src\Devs2Blu.RevisaoWebAPPAPI.WebAPI\Devs2Blu.RevisaoWebAPPAPI.WebAPI.csproj", "{4ED587A8-970F-469E-94FA-7F3AED2DB0A7}"
EndProject
Project("{FAE04EC0-301F-11D3-BF4B-00C04F79EFBC}") = "Devs2Blu.RevisaoWebAPPAPI.Service", "src\Devs2Blu.RevisaoWebAPPAPI.Service\Devs2Blu.RevisaoWebAPPAPI.Service.csproj", "{572FA340-3A40-41DB-B1B4-2474C4EB7D35}"
EndProject
Global
	GlobalSection(SolutionConfigurationPlatforms) = preSolution
		Debug|Any CPU = Debug|Any CPU
		Release|Any CPU = Release|Any CPU
	EndGlobalSection
	GlobalSection(ProjectConfigurationPlatforms) = postSolution
		{25A99F18-597B-4A8A-A8FD-9CD6983685E7}.Debug|Any CPU.ActiveCfg = Debug|Any CPU
		{25A99F18-597B-4A8A-A8FD-9CD6983685E7}.Debug|Any CPU.Build.0 = Debug|Any CPU
		{25A99F18-597B-4A8A-A8FD-9CD6983685E7}.Release|Any CPU.ActiveCfg = Release|Any CPU
		{25A99F18-597B-4A8A-A8FD-9CD6983685E7}.Release|Any CPU.Build.0 = Release|Any CPU
		{4EE22DFA-43BD-43AE-8B5C-EE575C9A0A60}.Debug|Any CPU.ActiveCfg = Debug|Any CPU
		{4EE22DFA-43BD-43AE-8B5C-EE575C9A0A60}.Debug|Any CPU.Build.0 = Debug|Any CPU
		{4EE22DFA-43BD-43AE-8B5C-EE575C9A0A60}.Release|Any CPU.ActiveCfg = Release|Any CPU
		{4EE22DFA-43BD-43AE-8B5C-EE575C9A0A60}.Release|Any CPU.Build.0 = Release|Any CPU
		{7DBEC45B-AB3A-45F6-9D8A-4C36F87875B2}.Debug|Any CPU.ActiveCfg = Debug|Any CPU
		{7DBEC45B-AB3A-45F6-9D8A-4C36F87875B2}.Debug|Any CPU.Build.0 = Debug|Any CPU
		{7DBEC45B-AB3A-45F6-9D8A-4C36F87875B2}.Release|Any CPU.ActiveCfg = Release|Any CPU
		{7DBEC45B-AB3A-45F6-9D8A-4C36F87875B2}.Release|Any CPU.Build.0 = Release|Any CPU
		{4ED587A8-970F-469E-94FA-7F3AED2DB0A7}.Debug|Any CPU.ActiveCfg = Debug|Any CPU
		{4ED587A8-970F-469E-94FA-7F3AED2DB0A7}.Debug|Any CPU.Build.0 = Debug|Any CPU
		{4ED587A8-970F-469E-94FA-7F3AED2DB0A7}.Release|Any CPU.ActiveCfg = Release|Any CPU
		{4ED587A8-970F-469E-94FA-7F3AED2DB0A7}.Release|Any CPU.Build.0 = Release|Any CPU
		{572FA340-3A40-41DB-B1B4-2474C4EB7D35}.Debug|Any CPU.ActiveCfg = Debug|Any CPU
		{572FA340-3A40-41DB-B1B4-2474C4EB7D35}.Debug|Any CPU.Build.0 = Debug|Any CPU
		{572FA340-3A40-41DB-B1B4-2474C4EB7D35}.Release|Any CPU.ActiveCfg = Release|Any CPU
		{572FA340-3A40-41DB-B1B4-2474C4EB7D35}.Release|Any CPU.Build.0 = Release|Any CPU
	EndGlobalSection
	GlobalSection(SolutionProperties) = preSolution
		HideSolutionNode = FALSE
	EndGlobalSection
	GlobalSection(NestedProjects) = preSolution
		{25A99F18-597B-4A8A-A8FD-9CD6983685E7} = {2D247596-E045-454A-9E6C-140017F27CEB}
		{DD941772-FEC6-499E-8E5E-229FBE33005B} = {7C9FDC1B-BC60-4945-9AB0-A4BD73A23EDC}
		{194A56CF-7705-473A-8E5F-516A59349739} = {7C9FDC1B-BC60-4945-9AB0-A4BD73A23EDC}
		{4EE22DFA-43BD-43AE-8B5C-EE575C9A0A60} = {DD941772-FEC6-499E-8E5E-229FBE33005B}
		{7DBEC45B-AB3A-45F6-9D8A-4C36F87875B2} = {3BFA144D-6964-4C87-96A5-BBE45FFE4577}
		{4ED587A8-970F-469E-94FA-7F3AED2DB0A7} = {67F51599-6EE3-4442-9A8F-3656978D4D34}
		{572FA340-3A40-41DB-B1B4-2474C4EB7D35} = {67F51599-6EE3-4442-9A8F-3656978D4D34}
	EndGlobalSection
	GlobalSection(ExtensibilityGlobals) = postSolution
		SolutionGuid = {771DC969-8062-4995-B165-D7AC9E883D39}
	EndGlobalSection
EndGlobal
