
Microsoft Visual Studio Solution File, Format Version 12.00
# Visual Studio Version 17
VisualStudioVersion = 17.4.33110.190
MinimumVisualStudioVersion = 10.0.40219.1
Project("{FAE04EC0-301F-11D3-BF4B-00C04F79EFBC}") = "Devs2Blu.ProjetosAula.PrimeiroProjetoMVC", "src\Devs2Blu.ProjetosAula.PrimeiroProjetoMVC\Devs2Blu.ProjetosAula.PrimeiroProjetoMVC.csproj", "{BE6DCEF6-4F0B-4375-AE9C-DD24A1DCE967}"
EndProject
Global
	GlobalSection(SolutionConfigurationPlatforms) = preSolution
		Debug|Any CPU = Debug|Any CPU
		Release|Any CPU = Release|Any CPU
	EndGlobalSection
	GlobalSection(ProjectConfigurationPlatforms) = postSolution
		{BE6DCEF6-4F0B-4375-AE9C-DD24A1DCE967}.Debug|Any CPU.ActiveCfg = Debug|Any CPU
		{BE6DCEF6-4F0B-4375-AE9C-DD24A1DCE967}.Debug|Any CPU.Build.0 = Debug|Any CPU
		{BE6DCEF6-4F0B-4375-AE9C-DD24A1DCE967}.Release|Any CPU.ActiveCfg = Release|Any CPU
		{BE6DCEF6-4F0B-4375-AE9C-DD24A1DCE967}.Release|Any CPU.Build.0 = Release|Any CPU
	EndGlobalSection
	GlobalSection(SolutionProperties) = preSolution
		HideSolutionNode = FALSE
	EndGlobalSection
	GlobalSection(ExtensibilityGlobals) = postSolution
		SolutionGuid = {02D45BBC-5FB8-4B3A-8ED6-9481BFE396AC}
	EndGlobalSection
EndGlobal
