
Microsoft Visual Studio Solution File, Format Version 12.00
# Visual Studio Version 17
VisualStudioVersion = 17.4.33110.190
MinimumVisualStudioVersion = 10.0.40219.1
Project("{FAE04EC0-301F-11D3-BF4B-00C04F79EFBC}") = "Devs2Blu.ProjetosAula.Atividade2v2MVC", "src\Devs2Blu.ProjetosAula.Atividade2v2MVC\Devs2Blu.ProjetosAula.Atividade2v2MVC.csproj", "{3948B727-0E9A-49D7-817C-C85E165A99BC}"
EndProject
Global
	GlobalSection(SolutionConfigurationPlatforms) = preSolution
		Debug|Any CPU = Debug|Any CPU
		Release|Any CPU = Release|Any CPU
	EndGlobalSection
	GlobalSection(ProjectConfigurationPlatforms) = postSolution
		{3948B727-0E9A-49D7-817C-C85E165A99BC}.Debug|Any CPU.ActiveCfg = Debug|Any CPU
		{3948B727-0E9A-49D7-817C-C85E165A99BC}.Debug|Any CPU.Build.0 = Debug|Any CPU
		{3948B727-0E9A-49D7-817C-C85E165A99BC}.Release|Any CPU.ActiveCfg = Release|Any CPU
		{3948B727-0E9A-49D7-817C-C85E165A99BC}.Release|Any CPU.Build.0 = Release|Any CPU
	EndGlobalSection
	GlobalSection(SolutionProperties) = preSolution
		HideSolutionNode = FALSE
	EndGlobalSection
	GlobalSection(ExtensibilityGlobals) = postSolution
		SolutionGuid = {28064454-1501-4568-967E-36E1F1A7CF53}
	EndGlobalSection
EndGlobal
