
Microsoft Visual Studio Solution File, Format Version 12.00
# Visual Studio Version 17
VisualStudioVersion = 17.4.33110.190
MinimumVisualStudioVersion = 10.0.40219.1
Project("{FAE04EC0-301F-11D3-BF4B-00C04F79EFBC}") = "Devs2Blu.ProjetosAula.Atividade1MVC", "src\Devs2Blu.ProjetosAula.Atividade1MVC\Devs2Blu.ProjetosAula.Atividade1MVC.csproj", "{B62DAF90-4D20-4DCD-83B8-797BD6714A0A}"
EndProject
Global
	GlobalSection(SolutionConfigurationPlatforms) = preSolution
		Debug|Any CPU = Debug|Any CPU
		Release|Any CPU = Release|Any CPU
	EndGlobalSection
	GlobalSection(ProjectConfigurationPlatforms) = postSolution
		{B62DAF90-4D20-4DCD-83B8-797BD6714A0A}.Debug|Any CPU.ActiveCfg = Debug|Any CPU
		{B62DAF90-4D20-4DCD-83B8-797BD6714A0A}.Debug|Any CPU.Build.0 = Debug|Any CPU
		{B62DAF90-4D20-4DCD-83B8-797BD6714A0A}.Release|Any CPU.ActiveCfg = Release|Any CPU
		{B62DAF90-4D20-4DCD-83B8-797BD6714A0A}.Release|Any CPU.Build.0 = Release|Any CPU
	EndGlobalSection
	GlobalSection(SolutionProperties) = preSolution
		HideSolutionNode = FALSE
	EndGlobalSection
	GlobalSection(ExtensibilityGlobals) = postSolution
		SolutionGuid = {2807B7C8-9A7B-47DF-9F74-1F5F9CBDA85B}
	EndGlobalSection
EndGlobal
