
Microsoft Visual Studio Solution File, Format Version 12.00
# Visual Studio Version 17
VisualStudioVersion = 17.3.32825.248
MinimumVisualStudioVersion = 10.0.40219.1
Project("{FAE04EC0-301F-11D3-BF4B-00C04F79EFBC}") = "Devs2Blu.ProjetosAula.AulaOOP1INT", "src\Devs2Blu.ProjetosAula.AulaOOP1INT\Devs2Blu.ProjetosAula.AulaOOP1INT.csproj", "{7ECFAABE-6AB0-4772-BA2C-43CC8C8B7F45}"
EndProject
Project("{FAE04EC0-301F-11D3-BF4B-00C04F79EFBC}") = "Devs2Blu.ProjetosAula.Classes", "src\Devs2Blu.ProjetosAula.Classes\Devs2Blu.ProjetosAula.Classes.csproj", "{0C060CCB-F5A1-4641-92CB-662567408BD3}"
EndProject
Global
	GlobalSection(SolutionConfigurationPlatforms) = preSolution
		Debug|Any CPU = Debug|Any CPU
		Release|Any CPU = Release|Any CPU
	EndGlobalSection
	GlobalSection(ProjectConfigurationPlatforms) = postSolution
		{7ECFAABE-6AB0-4772-BA2C-43CC8C8B7F45}.Debug|Any CPU.ActiveCfg = Debug|Any CPU
		{7ECFAABE-6AB0-4772-BA2C-43CC8C8B7F45}.Debug|Any CPU.Build.0 = Debug|Any CPU
		{7ECFAABE-6AB0-4772-BA2C-43CC8C8B7F45}.Release|Any CPU.ActiveCfg = Release|Any CPU
		{7ECFAABE-6AB0-4772-BA2C-43CC8C8B7F45}.Release|Any CPU.Build.0 = Release|Any CPU
		{0C060CCB-F5A1-4641-92CB-662567408BD3}.Debug|Any CPU.ActiveCfg = Debug|Any CPU
		{0C060CCB-F5A1-4641-92CB-662567408BD3}.Debug|Any CPU.Build.0 = Debug|Any CPU
		{0C060CCB-F5A1-4641-92CB-662567408BD3}.Release|Any CPU.ActiveCfg = Release|Any CPU
		{0C060CCB-F5A1-4641-92CB-662567408BD3}.Release|Any CPU.Build.0 = Release|Any CPU
	EndGlobalSection
	GlobalSection(SolutionProperties) = preSolution
		HideSolutionNode = FALSE
	EndGlobalSection
	GlobalSection(ExtensibilityGlobals) = postSolution
		SolutionGuid = {B7C6E5E3-5A3D-4736-ABEE-67FA66F9C31B}
	EndGlobalSection
EndGlobal
